# Generated by buf. DO NOT EDIT.
version: v1
deps:
  - remote: buf.build
    owner: beta
    repository: protoc-gen-validate
    branch: main
    commit: 82388a0a0cb04e98a203f95dfed5e84b
    digest: b1-lYgUMN58PxyCwvfQoopp40AJ-oHHjWXAzksF7v9U-U4=
    create_time: 2021-06-21T22:00:30.152545Z
  - remote: buf.build
    owner: googleapis
    repository: googleapis
    branch: main
    commit: 6358935a97044c1494fe13d369ac2f3b
    digest: b1-4hxgpEmLuajuxqkZd7NMVnKipt3zqnXaTHsBEKtUOsM=
    create_time: 2021-08-13T15:04:04.653816Z
  - remote: buf.build
    owner: grpc-ecosystem
    repository: grpc-gateway
    branch: main
    commit: de24a84aed3d4d84806740946b55d947
    digest: b1-Q-mEW3P3NR5UL8gm0pr3YWFSo5DAtrBqqgvkwH2WFWw=
    create_time: 2021-09-08T00:32:28.231758Z
